
Microsoft Visual Studio Solution File, Format Version 12.00
# Visual Studio Version 17
VisualStudioVersion = 17.0.31903.59
MinimumVisualStudioVersion = 10.0.40219.1
Project("{2150E333-8FDC-42A3-9474-1A3956D46DE8}") = "src", "src", "{827E0CD3-B72D-47B6-A68D-7590B98EB39B}"
EndProject
Project("{FAE04EC0-301F-11D3-BF4B-00C04F79EFBC}") = "MentorTaskFlow.Api", "src\MentorTaskFlow.Api\MentorTaskFlow.Api.csproj", "{7B34FB5D-D150-40F4-94F3-BC4CD304E9BE}"
EndProject
Project("{FAE04EC0-301F-11D3-BF4B-00C04F79EFBC}") = "MentorTaskFlow.Application", "src\MentorTaskFlow.Application\MentorTaskFlow.Application.csproj", "{3EFD1D50-7460-44F6-9DBF-B61B131592BE}"
EndProject
Project("{FAE04EC0-301F-11D3-BF4B-00C04F79EFBC}") = "MentorTaskFlow.Domain", "src\MentorTaskFlow.Domain\MentorTaskFlow.Domain.csproj", "{75529B94-163E-43B1-9802-9B553132E6E8}"
EndProject
Project("{FAE04EC0-301F-11D3-BF4B-00C04F79EFBC}") = "MentorTaskFlow.Contracts", "src\MentorTaskFlow.Contracts\MentorTaskFlow.Contracts.csproj", "{F0B916DA-FA51-4C7B-B6BB-847FC5D7AA73}"
EndProject
Project("{FAE04EC0-301F-11D3-BF4B-00C04F79EFBC}") = "MentorTaskFlow.Infrastructure", "src\MentorTaskFlow.Infrastructure\MentorTaskFlow.Infrastructure.csproj", "{78DFB1A7-D4F5-44AC-A3F7-203A506DFCAA}"
EndProject
Project("{2150E333-8FDC-42A3-9474-1A3956D46DE8}") = "tests", "tests", "{0AB3BF05-4346-4AA6-1389-037BE0695223}"
EndProject
Project("{FAE04EC0-301F-11D3-BF4B-00C04F79EFBC}") = "MentorTaskFlow.ArchitectureTests", "tests\MentorTaskFlow.ArchitectureTests\MentorTaskFlow.ArchitectureTests.csproj", "{F84ECBE9-DA75-4639-BA9B-93E8224DBCA3}"
EndProject
Project("{FAE04EC0-301F-11D3-BF4B-00C04F79EFBC}") = "MentorTaskFlow.IntegrationTests", "tests\MentorTaskFlow.IntegrationTests\MentorTaskFlow.IntegrationTests.csproj", "{AC273CDC-9B94-456B-B249-1C060B67CD9F}"
EndProject
Project("{FAE04EC0-301F-11D3-BF4B-00C04F79EFBC}") = "MentorTaskFlow.UnitTests", "tests\MentorTaskFlow.UnitTests\MentorTaskFlow.UnitTests.csproj", "{AAF108DC-C87C-4E6B-B671-6B12DC445BB1}"
EndProject
Global
	GlobalSection(SolutionConfigurationPlatforms) = preSolution
		Debug|Any CPU = Debug|Any CPU
		Debug|x64 = Debug|x64
		Debug|x86 = Debug|x86
		Release|Any CPU = Release|Any CPU
		Release|x64 = Release|x64
		Release|x86 = Release|x86
	EndGlobalSection
	GlobalSection(ProjectConfigurationPlatforms) = postSolution
		{7B34FB5D-D150-40F4-94F3-BC4CD304E9BE}.Debug|Any CPU.ActiveCfg = Debug|Any CPU
		{7B34FB5D-D150-40F4-94F3-BC4CD304E9BE}.Debug|Any CPU.Build.0 = Debug|Any CPU
		{7B34FB5D-D150-40F4-94F3-BC4CD304E9BE}.Debug|x64.ActiveCfg = Debug|Any CPU
		{7B34FB5D-D150-40F4-94F3-BC4CD304E9BE}.Debug|x64.Build.0 = Debug|Any CPU
		{7B34FB5D-D150-40F4-94F3-BC4CD304E9BE}.Debug|x86.ActiveCfg = Debug|Any CPU
		{7B34FB5D-D150-40F4-94F3-BC4CD304E9BE}.Debug|x86.Build.0 = Debug|Any CPU
		{7B34FB5D-D150-40F4-94F3-BC4CD304E9BE}.Release|Any CPU.ActiveCfg = Release|Any CPU
		{7B34FB5D-D150-40F4-94F3-BC4CD304E9BE}.Release|Any CPU.Build.0 = Release|Any CPU
		{7B34FB5D-D150-40F4-94F3-BC4CD304E9BE}.Release|x64.ActiveCfg = Release|Any CPU
		{7B34FB5D-D150-40F4-94F3-BC4CD304E9BE}.Release|x64.Build.0 = Release|Any CPU
		{7B34FB5D-D150-40F4-94F3-BC4CD304E9BE}.Release|x86.ActiveCfg = Release|Any CPU
		{7B34FB5D-D150-40F4-94F3-BC4CD304E9BE}.Release|x86.Build.0 = Release|Any CPU
		{3EFD1D50-7460-44F6-9DBF-B61B131592BE}.Debug|Any CPU.ActiveCfg = Debug|Any CPU
		{3EFD1D50-7460-44F6-9DBF-B61B131592BE}.Debug|Any CPU.Build.0 = Debug|Any CPU
		{3EFD1D50-7460-44F6-9DBF-B61B131592BE}.Debug|x64.ActiveCfg = Debug|Any CPU
		{3EFD1D50-7460-44F6-9DBF-B61B131592BE}.Debug|x64.Build.0 = Debug|Any CPU
		{3EFD1D50-7460-44F6-9DBF-B61B131592BE}.Debug|x86.ActiveCfg = Debug|Any CPU
		{3EFD1D50-7460-44F6-9DBF-B61B131592BE}.Debug|x86.Build.0 = Debug|Any CPU
		{3EFD1D50-7460-44F6-9DBF-B61B131592BE}.Release|Any CPU.ActiveCfg = Release|Any CPU
		{3EFD1D50-7460-44F6-9DBF-B61B131592BE}.Release|Any CPU.Build.0 = Release|Any CPU
		{3EFD1D50-7460-44F6-9DBF-B61B131592BE}.Release|x64.ActiveCfg = Release|Any CPU
		{3EFD1D50-7460-44F6-9DBF-B61B131592BE}.Release|x64.Build.0 = Release|Any CPU
		{3EFD1D50-7460-44F6-9DBF-B61B131592BE}.Release|x86.ActiveCfg = Release|Any CPU
		{3EFD1D50-7460-44F6-9DBF-B61B131592BE}.Release|x86.Build.0 = Release|Any CPU
		{75529B94-163E-43B1-9802-9B553132E6E8}.Debug|Any CPU.ActiveCfg = Debug|Any CPU
		{75529B94-163E-43B1-9802-9B553132E6E8}.Debug|Any CPU.Build.0 = Debug|Any CPU
		{75529B94-163E-43B1-9802-9B553132E6E8}.Debug|x64.ActiveCfg = Debug|Any CPU
		{75529B94-163E-43B1-9802-9B553132E6E8}.Debug|x64.Build.0 = Debug|Any CPU
		{75529B94-163E-43B1-9802-9B553132E6E8}.Debug|x86.ActiveCfg = Debug|Any CPU
		{75529B94-163E-43B1-9802-9B553132E6E8}.Debug|x86.Build.0 = Debug|Any CPU
		{75529B94-163E-43B1-9802-9B553132E6E8}.Release|Any CPU.ActiveCfg = Release|Any CPU
		{75529B94-163E-43B1-9802-9B553132E6E8}.Release|Any CPU.Build.0 = Release|Any CPU
		{75529B94-163E-43B1-9802-9B553132E6E8}.Release|x64.ActiveCfg = Release|Any CPU
		{75529B94-163E-43B1-9802-9B553132E6E8}.Release|x64.Build.0 = Release|Any CPU
		{75529B94-163E-43B1-9802-9B553132E6E8}.Release|x86.ActiveCfg = Release|Any CPU
		{75529B94-163E-43B1-9802-9B553132E6E8}.Release|x86.Build.0 = Release|Any CPU
		{F0B916DA-FA51-4C7B-B6BB-847FC5D7AA73}.Debug|Any CPU.ActiveCfg = Debug|Any CPU
		{F0B916DA-FA51-4C7B-B6BB-847FC5D7AA73}.Debug|Any CPU.Build.0 = Debug|Any CPU
		{F0B916DA-FA51-4C7B-B6BB-847FC5D7AA73}.Debug|x64.ActiveCfg = Debug|Any CPU
		{F0B916DA-FA51-4C7B-B6BB-847FC5D7AA73}.Debug|x64.Build.0 = Debug|Any CPU
		{F0B916DA-FA51-4C7B-B6BB-847FC5D7AA73}.Debug|x86.ActiveCfg = Debug|Any CPU
		{F0B916DA-FA51-4C7B-B6BB-847FC5D7AA73}.Debug|x86.Build.0 = Debug|Any CPU
		{F0B916DA-FA51-4C7B-B6BB-847FC5D7AA73}.Release|Any CPU.ActiveCfg = Release|Any CPU
		{F0B916DA-FA51-4C7B-B6BB-847FC5D7AA73}.Release|Any CPU.Build.0 = Release|Any CPU
		{F0B916DA-FA51-4C7B-B6BB-847FC5D7AA73}.Release|x64.ActiveCfg = Release|Any CPU
		{F0B916DA-FA51-4C7B-B6BB-847FC5D7AA73}.Release|x64.Build.0 = Release|Any CPU
		{F0B916DA-FA51-4C7B-B6BB-847FC5D7AA73}.Release|x86.ActiveCfg = Release|Any CPU
		{F0B916DA-FA51-4C7B-B6BB-847FC5D7AA73}.Release|x86.Build.0 = Release|Any CPU
		{78DFB1A7-D4F5-44AC-A3F7-203A506DFCAA}.Debug|Any CPU.ActiveCfg = Debug|Any CPU
		{78DFB1A7-D4F5-44AC-A3F7-203A506DFCAA}.Debug|Any CPU.Build.0 = Debug|Any CPU
		{78DFB1A7-D4F5-44AC-A3F7-203A506DFCAA}.Debug|x64.ActiveCfg = Debug|Any CPU
		{78DFB1A7-D4F5-44AC-A3F7-203A506DFCAA}.Debug|x64.Build.0 = Debug|Any CPU
		{78DFB1A7-D4F5-44AC-A3F7-203A506DFCAA}.Debug|x86.ActiveCfg = Debug|Any CPU
		{78DFB1A7-D4F5-44AC-A3F7-203A506DFCAA}.Debug|x86.Build.0 = Debug|Any CPU
		{78DFB1A7-D4F5-44AC-A3F7-203A506DFCAA}.Release|Any CPU.ActiveCfg = Release|Any CPU
		{78DFB1A7-D4F5-44AC-A3F7-203A506DFCAA}.Release|Any CPU.Build.0 = Release|Any CPU
		{78DFB1A7-D4F5-44AC-A3F7-203A506DFCAA}.Release|x64.ActiveCfg = Release|Any CPU
		{78DFB1A7-D4F5-44AC-A3F7-203A506DFCAA}.Release|x64.Build.0 = Release|Any CPU
		{78DFB1A7-D4F5-44AC-A3F7-203A506DFCAA}.Release|x86.ActiveCfg = Release|Any CPU
		{78DFB1A7-D4F5-44AC-A3F7-203A506DFCAA}.Release|x86.Build.0 = Release|Any CPU
		{F84ECBE9-DA75-4639-BA9B-93E8224DBCA3}.Debug|Any CPU.ActiveCfg = Debug|Any CPU
		{F84ECBE9-DA75-4639-BA9B-93E8224DBCA3}.Debug|Any CPU.Build.0 = Debug|Any CPU
		{F84ECBE9-DA75-4639-BA9B-93E8224DBCA3}.Debug|x64.ActiveCfg = Debug|Any CPU
		{F84ECBE9-DA75-4639-BA9B-93E8224DBCA3}.Debug|x64.Build.0 = Debug|Any CPU
		{F84ECBE9-DA75-4639-BA9B-93E8224DBCA3}.Debug|x86.ActiveCfg = Debug|Any CPU
		{F84ECBE9-DA75-4639-BA9B-93E8224DBCA3}.Debug|x86.Build.0 = Debug|Any CPU
		{F84ECBE9-DA75-4639-BA9B-93E8224DBCA3}.Release|Any CPU.ActiveCfg = Release|Any CPU
		{F84ECBE9-DA75-4639-BA9B-93E8224DBCA3}.Release|Any CPU.Build.0 = Release|Any CPU
		{F84ECBE9-DA75-4639-BA9B-93E8224DBCA3}.Release|x64.ActiveCfg = Release|Any CPU
		{F84ECBE9-DA75-4639-BA9B-93E8224DBCA3}.Release|x64.Build.0 = Release|Any CPU
		{F84ECBE9-DA75-4639-BA9B-93E8224DBCA3}.Release|x86.ActiveCfg = Release|Any CPU
		{F84ECBE9-DA75-4639-BA9B-93E8224DBCA3}.Release|x86.Build.0 = Release|Any CPU
		{AC273CDC-9B94-456B-B249-1C060B67CD9F}.Debug|Any CPU.ActiveCfg = Debug|Any CPU
		{AC273CDC-9B94-456B-B249-1C060B67CD9F}.Debug|Any CPU.Build.0 = Debug|Any CPU
		{AC273CDC-9B94-456B-B249-1C060B67CD9F}.Debug|x64.ActiveCfg = Debug|Any CPU
		{AC273CDC-9B94-456B-B249-1C060B67CD9F}.Debug|x64.Build.0 = Debug|Any CPU
		{AC273CDC-9B94-456B-B249-1C060B67CD9F}.Debug|x86.ActiveCfg = Debug|Any CPU
		{AC273CDC-9B94-456B-B249-1C060B67CD9F}.Debug|x86.Build.0 = Debug|Any CPU
		{AC273CDC-9B94-456B-B249-1C060B67CD9F}.Release|Any CPU.ActiveCfg = Release|Any CPU
		{AC273CDC-9B94-456B-B249-1C060B67CD9F}.Release|Any CPU.Build.0 = Release|Any CPU
		{AC273CDC-9B94-456B-B249-1C060B67CD9F}.Release|x64.ActiveCfg = Release|Any CPU
		{AC273CDC-9B94-456B-B249-1C060B67CD9F}.Release|x64.Build.0 = Release|Any CPU
		{AC273CDC-9B94-456B-B249-1C060B67CD9F}.Release|x86.ActiveCfg = Release|Any CPU
		{AC273CDC-9B94-456B-B249-1C060B67CD9F}.Release|x86.Build.0 = Release|Any CPU
		{AAF108DC-C87C-4E6B-B671-6B12DC445BB1}.Debug|Any CPU.ActiveCfg = Debug|Any CPU
		{AAF108DC-C87C-4E6B-B671-6B12DC445BB1}.Debug|Any CPU.Build.0 = Debug|Any CPU
		{AAF108DC-C87C-4E6B-B671-6B12DC445BB1}.Debug|x64.ActiveCfg = Debug|Any CPU
		{AAF108DC-C87C-4E6B-B671-6B12DC445BB1}.Debug|x64.Build.0 = Debug|Any CPU
		{AAF108DC-C87C-4E6B-B671-6B12DC445BB1}.Debug|x86.ActiveCfg = Debug|Any CPU
		{AAF108DC-C87C-4E6B-B671-6B12DC445BB1}.Debug|x86.Build.0 = Debug|Any CPU
		{AAF108DC-C87C-4E6B-B671-6B12DC445BB1}.Release|Any CPU.ActiveCfg = Release|Any CPU
		{AAF108DC-C87C-4E6B-B671-6B12DC445BB1}.Release|Any CPU.Build.0 = Release|Any CPU
		{AAF108DC-C87C-4E6B-B671-6B12DC445BB1}.Release|x64.ActiveCfg = Release|Any CPU
		{AAF108DC-C87C-4E6B-B671-6B12DC445BB1}.Release|x64.Build.0 = Release|Any CPU
		{AAF108DC-C87C-4E6B-B671-6B12DC445BB1}.Release|x86.ActiveCfg = Release|Any CPU
		{AAF108DC-C87C-4E6B-B671-6B12DC445BB1}.Release|x86.Build.0 = Release|Any CPU
	EndGlobalSection
	GlobalSection(SolutionProperties) = preSolution
		HideSolutionNode = FALSE
	EndGlobalSection
	GlobalSection(NestedProjects) = preSolution
		{7B34FB5D-D150-40F4-94F3-BC4CD304E9BE} = {827E0CD3-B72D-47B6-A68D-7590B98EB39B}
		{3EFD1D50-7460-44F6-9DBF-B61B131592BE} = {827E0CD3-B72D-47B6-A68D-7590B98EB39B}
		{75529B94-163E-43B1-9802-9B553132E6E8} = {827E0CD3-B72D-47B6-A68D-7590B98EB39B}
		{F0B916DA-FA51-4C7B-B6BB-847FC5D7AA73} = {827E0CD3-B72D-47B6-A68D-7590B98EB39B}
		{78DFB1A7-D4F5-44AC-A3F7-203A506DFCAA} = {827E0CD3-B72D-47B6-A68D-7590B98EB39B}
		{F84ECBE9-DA75-4639-BA9B-93E8224DBCA3} = {0AB3BF05-4346-4AA6-1389-037BE0695223}
		{AC273CDC-9B94-456B-B249-1C060B67CD9F} = {0AB3BF05-4346-4AA6-1389-037BE0695223}
		{AAF108DC-C87C-4E6B-B671-6B12DC445BB1} = {0AB3BF05-4346-4AA6-1389-037BE0695223}
	EndGlobalSection
EndGlobal
